{
  "name": "testing_random_no_generator",
  "version": "1.0.0",
  "lockfileVersion": 1,
  "requires": true,
  "dependencies": {
    "random_num_generator_js": {
      "version": "1.0.2",
      "resolved": "https://registry.npmjs.org/random_num_generator_js/-/random_num_generator_js-1.0.2.tgz",
      "integrity": "sha512-IGK54qufBxr1OmX0jObWEGrIf1dMBc6OGfEWpshmB9fWBU2ezpTxL6ZwRcfwb0qS7mYw4UjgPZyQux0F0TplTA=="
    }
  }
}
